
Microsoft Visual Studio Solution File, Format Version 12.00
# Visual Studio Version 17
VisualStudioVersion = 17.13.35931.197
MinimumVisualStudioVersion = 10.0.40219.1
Project("{FAE04EC0-301F-11D3-BF4B-00C04F79EFBC}") = "Verx.Consolidated.Application", "Verx.Consolidated.Application\Verx.Consolidated.Application.csproj", "{3AA891EC-BD18-580A-8876-1356811E4BF4}"
EndProject
Project("{FAE04EC0-301F-11D3-BF4B-00C04F79EFBC}") = "Verx.Consolidated.Domain", "Verx.Consolidated.Core.Domain\Verx.Consolidated.Domain.csproj", "{C65BE0F2-D1CE-7A0C-A115-A24B36626DED}"
EndProject
Project("{FAE04EC0-301F-11D3-BF4B-00C04F79EFBC}") = "Verx.Consolidated.Infra", "Verx.Consolidated.Infra\Verx.Consolidated.Infra.csproj", "{8D2CF2BE-2065-547D-D179-718FECC97719}"
EndProject
Project("{FAE04EC0-301F-11D3-BF4B-00C04F79EFBC}") = "Verx.Consolidated.Infra.IoC", "Verx.Consolidated.Infra.IoC\Verx.Consolidated.Infra.IoC.csproj", "{2990E08A-1E89-3490-7727-686E1F9F21A4}"
EndProject
Project("{2150E333-8FDC-42A3-9474-1A3956D46DE8}") = "Core", "Core", "{AFDD6A76-3EA0-4F9A-A3BC-22A1AA98BE9E}"
EndProject
Project("{2150E333-8FDC-42A3-9474-1A3956D46DE8}") = "Infra", "Infra", "{E2AAFE06-0473-420E-AC69-0807FBDF3F56}"
EndProject
Project("{2150E333-8FDC-42A3-9474-1A3956D46DE8}") = "Drivers", "Drivers", "{02EA681E-C7D8-13C7-8484-4AC65E1B71E8}"
EndProject
Project("{FAE04EC0-301F-11D3-BF4B-00C04F79EFBC}") = "Verx.Consolidated.Worker", "Verx.Consolidated.Worker\Verx.Consolidated.Worker.csproj", "{0015C620-7F78-455D-863B-14EF1C2E4D32}"
EndProject
Project("{FAE04EC0-301F-11D3-BF4B-00C04F79EFBC}") = "Verx.Consolidated.Query.Api", "Verx.Consolidated.Query.API\Verx.Consolidated.Query.Api.csproj", "{1CAB8FFA-A899-8E94-F437-46D36BF2BDD0}"
EndProject
Project("{FAE04EC0-301F-11D3-BF4B-00C04F79EFBC}") = "Verx.Consolidated.Command.Api", "Verx.Consolidated.Command.API\Verx.Consolidated.Command.Api.csproj", "{2BB5C150-FF5C-FB84-7EC1-81A6A8DF8D34}"
EndProject
Project("{2150E333-8FDC-42A3-9474-1A3956D46DE8}") = "Tests", "Tests", "{9E2BDFA3-314A-40F6-8DE3-D08AF27174AF}"
EndProject
Project("{FAE04EC0-301F-11D3-BF4B-00C04F79EFBC}") = "Verx.Consolidated.Domain.Tests", "Verx.Consolidated.Domain.Tests\Verx.Consolidated.Domain.Tests.csproj", "{1434A830-738E-4A50-BC26-BED369C7338C}"
EndProject
Project("{FAE04EC0-301F-11D3-BF4B-00C04F79EFBC}") = "Verx.Consolidated.Application.Tests", "Verx.Consolidated.Application.Tests\Verx.Consolidated.Application.Tests.csproj", "{447348EE-5A42-4DB0-BAF5-7A2A62F332CF}"
EndProject
Global
	GlobalSection(SolutionConfigurationPlatforms) = preSolution
		Debug|Any CPU = Debug|Any CPU
		Release|Any CPU = Release|Any CPU
	EndGlobalSection
	GlobalSection(ProjectConfigurationPlatforms) = postSolution
		{3AA891EC-BD18-580A-8876-1356811E4BF4}.Debug|Any CPU.ActiveCfg = Debug|Any CPU
		{3AA891EC-BD18-580A-8876-1356811E4BF4}.Debug|Any CPU.Build.0 = Debug|Any CPU
		{3AA891EC-BD18-580A-8876-1356811E4BF4}.Release|Any CPU.ActiveCfg = Release|Any CPU
		{3AA891EC-BD18-580A-8876-1356811E4BF4}.Release|Any CPU.Build.0 = Release|Any CPU
		{C65BE0F2-D1CE-7A0C-A115-A24B36626DED}.Debug|Any CPU.ActiveCfg = Debug|Any CPU
		{C65BE0F2-D1CE-7A0C-A115-A24B36626DED}.Debug|Any CPU.Build.0 = Debug|Any CPU
		{C65BE0F2-D1CE-7A0C-A115-A24B36626DED}.Release|Any CPU.ActiveCfg = Release|Any CPU
		{C65BE0F2-D1CE-7A0C-A115-A24B36626DED}.Release|Any CPU.Build.0 = Release|Any CPU
		{8D2CF2BE-2065-547D-D179-718FECC97719}.Debug|Any CPU.ActiveCfg = Debug|Any CPU
		{8D2CF2BE-2065-547D-D179-718FECC97719}.Debug|Any CPU.Build.0 = Debug|Any CPU
		{8D2CF2BE-2065-547D-D179-718FECC97719}.Release|Any CPU.ActiveCfg = Release|Any CPU
		{8D2CF2BE-2065-547D-D179-718FECC97719}.Release|Any CPU.Build.0 = Release|Any CPU
		{2990E08A-1E89-3490-7727-686E1F9F21A4}.Debug|Any CPU.ActiveCfg = Debug|Any CPU
		{2990E08A-1E89-3490-7727-686E1F9F21A4}.Debug|Any CPU.Build.0 = Debug|Any CPU
		{2990E08A-1E89-3490-7727-686E1F9F21A4}.Release|Any CPU.ActiveCfg = Release|Any CPU
		{2990E08A-1E89-3490-7727-686E1F9F21A4}.Release|Any CPU.Build.0 = Release|Any CPU
		{0015C620-7F78-455D-863B-14EF1C2E4D32}.Debug|Any CPU.ActiveCfg = Debug|Any CPU
		{0015C620-7F78-455D-863B-14EF1C2E4D32}.Debug|Any CPU.Build.0 = Debug|Any CPU
		{0015C620-7F78-455D-863B-14EF1C2E4D32}.Release|Any CPU.ActiveCfg = Release|Any CPU
		{0015C620-7F78-455D-863B-14EF1C2E4D32}.Release|Any CPU.Build.0 = Release|Any CPU
		{1CAB8FFA-A899-8E94-F437-46D36BF2BDD0}.Debug|Any CPU.ActiveCfg = Debug|Any CPU
		{1CAB8FFA-A899-8E94-F437-46D36BF2BDD0}.Debug|Any CPU.Build.0 = Debug|Any CPU
		{1CAB8FFA-A899-8E94-F437-46D36BF2BDD0}.Release|Any CPU.ActiveCfg = Release|Any CPU
		{1CAB8FFA-A899-8E94-F437-46D36BF2BDD0}.Release|Any CPU.Build.0 = Release|Any CPU
		{2BB5C150-FF5C-FB84-7EC1-81A6A8DF8D34}.Debug|Any CPU.ActiveCfg = Debug|Any CPU
		{2BB5C150-FF5C-FB84-7EC1-81A6A8DF8D34}.Debug|Any CPU.Build.0 = Debug|Any CPU
		{2BB5C150-FF5C-FB84-7EC1-81A6A8DF8D34}.Release|Any CPU.ActiveCfg = Release|Any CPU
		{2BB5C150-FF5C-FB84-7EC1-81A6A8DF8D34}.Release|Any CPU.Build.0 = Release|Any CPU
		{1434A830-738E-4A50-BC26-BED369C7338C}.Debug|Any CPU.ActiveCfg = Debug|Any CPU
		{1434A830-738E-4A50-BC26-BED369C7338C}.Debug|Any CPU.Build.0 = Debug|Any CPU
		{1434A830-738E-4A50-BC26-BED369C7338C}.Release|Any CPU.ActiveCfg = Release|Any CPU
		{1434A830-738E-4A50-BC26-BED369C7338C}.Release|Any CPU.Build.0 = Release|Any CPU
		{447348EE-5A42-4DB0-BAF5-7A2A62F332CF}.Debug|Any CPU.ActiveCfg = Debug|Any CPU
		{447348EE-5A42-4DB0-BAF5-7A2A62F332CF}.Debug|Any CPU.Build.0 = Debug|Any CPU
		{447348EE-5A42-4DB0-BAF5-7A2A62F332CF}.Release|Any CPU.ActiveCfg = Release|Any CPU
		{447348EE-5A42-4DB0-BAF5-7A2A62F332CF}.Release|Any CPU.Build.0 = Release|Any CPU
	EndGlobalSection
	GlobalSection(SolutionProperties) = preSolution
		HideSolutionNode = FALSE
	EndGlobalSection
	GlobalSection(NestedProjects) = preSolution
		{3AA891EC-BD18-580A-8876-1356811E4BF4} = {AFDD6A76-3EA0-4F9A-A3BC-22A1AA98BE9E}
		{C65BE0F2-D1CE-7A0C-A115-A24B36626DED} = {AFDD6A76-3EA0-4F9A-A3BC-22A1AA98BE9E}
		{8D2CF2BE-2065-547D-D179-718FECC97719} = {E2AAFE06-0473-420E-AC69-0807FBDF3F56}
		{2990E08A-1E89-3490-7727-686E1F9F21A4} = {E2AAFE06-0473-420E-AC69-0807FBDF3F56}
		{0015C620-7F78-455D-863B-14EF1C2E4D32} = {02EA681E-C7D8-13C7-8484-4AC65E1B71E8}
		{1CAB8FFA-A899-8E94-F437-46D36BF2BDD0} = {02EA681E-C7D8-13C7-8484-4AC65E1B71E8}
		{2BB5C150-FF5C-FB84-7EC1-81A6A8DF8D34} = {02EA681E-C7D8-13C7-8484-4AC65E1B71E8}
		{1434A830-738E-4A50-BC26-BED369C7338C} = {9E2BDFA3-314A-40F6-8DE3-D08AF27174AF}
		{447348EE-5A42-4DB0-BAF5-7A2A62F332CF} = {9E2BDFA3-314A-40F6-8DE3-D08AF27174AF}
	EndGlobalSection
	GlobalSection(ExtensibilityGlobals) = postSolution
		SolutionGuid = {B575B3B4-DD69-4517-846B-21591EC739F6}
	EndGlobalSection
EndGlobal
