
Microsoft Visual Studio Solution File, Format Version 12.00
# Visual Studio Version 17
VisualStudioVersion = 17.13.35931.197
MinimumVisualStudioVersion = 10.0.40219.1
Project("{FAE04EC0-301F-11D3-BF4B-00C04F79EFBC}") = "Verx.Consolidated.Application", "Verx.Consolidated.Application\Verx.Consolidated.Application.csproj", "{3AA891EC-BD18-580A-8876-1356811E4BF4}"
EndProject
Project("{FAE04EC0-301F-11D3-BF4B-00C04F79EFBC}") = "Verx.Consolidated.Domain", "Verx.Consolidated.Core.Domain\Verx.Consolidated.Domain.csproj", "{C65BE0F2-D1CE-7A0C-A115-A24B36626DED}"
EndProject
Project("{FAE04EC0-301F-11D3-BF4B-00C04F79EFBC}") = "Verx.Consolidated.Infra", "Verx.Consolidated.Infra\Verx.Consolidated.Infra.csproj", "{8D2CF2BE-2065-547D-D179-718FECC97719}"
EndProject
Project("{FAE04EC0-301F-11D3-BF4B-00C04F79EFBC}") = "Verx.Consolidated.Infra.IoC", "Verx.Consolidated.Infra.IoC\Verx.Consolidated.Infra.IoC.csproj", "{2990E08A-1E89-3490-7727-686E1F9F21A4}"
EndProject
Project("{FAE04EC0-301F-11D3-BF4B-00C04F79EFBC}") = "Verx.Consolidated.Onboarding.Command.Api", "Verx.Consolidated.Onboarding.Command.API\Verx.Consolidated.Onboarding.Command.Api.csproj", "{9818B35C-67C3-B979-F13F-3EBE625D4FB5}"
EndProject
Project("{FAE04EC0-301F-11D3-BF4B-00C04F79EFBC}") = "Verx.Consolidated.Onboarding.Query.Api", "Verx.Consolidated.Onboarding.Query.API\Verx.Consolidated.Onboarding.Query.Api.csproj", "{96425FE2-C324-4906-87E0-5FAAB0582ADF}"
EndProject
Project("{2150E333-8FDC-42A3-9474-1A3956D46DE8}") = "Core", "Core", "{AFDD6A76-3EA0-4F9A-A3BC-22A1AA98BE9E}"
EndProject
Project("{2150E333-8FDC-42A3-9474-1A3956D46DE8}") = "Infra", "Infra", "{E2AAFE06-0473-420E-AC69-0807FBDF3F56}"
EndProject
Project("{FAE04EC0-301F-11D3-BF4B-00C04F79EFBC}") = "Verx.Consolidated.Common", "Verx.Consolidated.Common\Verx.Consolidated.Common.csproj", "{782C06AC-1291-4027-64CB-95EF20FF69D7}"
EndProject
Global
	GlobalSection(SolutionConfigurationPlatforms) = preSolution
		Debug|Any CPU = Debug|Any CPU
		Release|Any CPU = Release|Any CPU
	EndGlobalSection
	GlobalSection(ProjectConfigurationPlatforms) = postSolution
		{3AA891EC-BD18-580A-8876-1356811E4BF4}.Debug|Any CPU.ActiveCfg = Debug|Any CPU
		{3AA891EC-BD18-580A-8876-1356811E4BF4}.Debug|Any CPU.Build.0 = Debug|Any CPU
		{3AA891EC-BD18-580A-8876-1356811E4BF4}.Release|Any CPU.ActiveCfg = Release|Any CPU
		{3AA891EC-BD18-580A-8876-1356811E4BF4}.Release|Any CPU.Build.0 = Release|Any CPU
		{C65BE0F2-D1CE-7A0C-A115-A24B36626DED}.Debug|Any CPU.ActiveCfg = Debug|Any CPU
		{C65BE0F2-D1CE-7A0C-A115-A24B36626DED}.Debug|Any CPU.Build.0 = Debug|Any CPU
		{C65BE0F2-D1CE-7A0C-A115-A24B36626DED}.Release|Any CPU.ActiveCfg = Release|Any CPU
		{C65BE0F2-D1CE-7A0C-A115-A24B36626DED}.Release|Any CPU.Build.0 = Release|Any CPU
		{8D2CF2BE-2065-547D-D179-718FECC97719}.Debug|Any CPU.ActiveCfg = Debug|Any CPU
		{8D2CF2BE-2065-547D-D179-718FECC97719}.Debug|Any CPU.Build.0 = Debug|Any CPU
		{8D2CF2BE-2065-547D-D179-718FECC97719}.Release|Any CPU.ActiveCfg = Release|Any CPU
		{8D2CF2BE-2065-547D-D179-718FECC97719}.Release|Any CPU.Build.0 = Release|Any CPU
		{2990E08A-1E89-3490-7727-686E1F9F21A4}.Debug|Any CPU.ActiveCfg = Debug|Any CPU
		{2990E08A-1E89-3490-7727-686E1F9F21A4}.Debug|Any CPU.Build.0 = Debug|Any CPU
		{2990E08A-1E89-3490-7727-686E1F9F21A4}.Release|Any CPU.ActiveCfg = Release|Any CPU
		{2990E08A-1E89-3490-7727-686E1F9F21A4}.Release|Any CPU.Build.0 = Release|Any CPU
		{9818B35C-67C3-B979-F13F-3EBE625D4FB5}.Debug|Any CPU.ActiveCfg = Debug|Any CPU
		{9818B35C-67C3-B979-F13F-3EBE625D4FB5}.Debug|Any CPU.Build.0 = Debug|Any CPU
		{9818B35C-67C3-B979-F13F-3EBE625D4FB5}.Release|Any CPU.ActiveCfg = Release|Any CPU
		{9818B35C-67C3-B979-F13F-3EBE625D4FB5}.Release|Any CPU.Build.0 = Release|Any CPU
		{96425FE2-C324-4906-87E0-5FAAB0582ADF}.Debug|Any CPU.ActiveCfg = Debug|Any CPU
		{96425FE2-C324-4906-87E0-5FAAB0582ADF}.Debug|Any CPU.Build.0 = Debug|Any CPU
		{96425FE2-C324-4906-87E0-5FAAB0582ADF}.Release|Any CPU.ActiveCfg = Release|Any CPU
		{96425FE2-C324-4906-87E0-5FAAB0582ADF}.Release|Any CPU.Build.0 = Release|Any CPU
		{782C06AC-1291-4027-64CB-95EF20FF69D7}.Debug|Any CPU.ActiveCfg = Debug|Any CPU
		{782C06AC-1291-4027-64CB-95EF20FF69D7}.Debug|Any CPU.Build.0 = Debug|Any CPU
		{782C06AC-1291-4027-64CB-95EF20FF69D7}.Release|Any CPU.ActiveCfg = Release|Any CPU
		{782C06AC-1291-4027-64CB-95EF20FF69D7}.Release|Any CPU.Build.0 = Release|Any CPU
	EndGlobalSection
	GlobalSection(SolutionProperties) = preSolution
		HideSolutionNode = FALSE
	EndGlobalSection
	GlobalSection(NestedProjects) = preSolution
		{3AA891EC-BD18-580A-8876-1356811E4BF4} = {AFDD6A76-3EA0-4F9A-A3BC-22A1AA98BE9E}
		{C65BE0F2-D1CE-7A0C-A115-A24B36626DED} = {AFDD6A76-3EA0-4F9A-A3BC-22A1AA98BE9E}
		{8D2CF2BE-2065-547D-D179-718FECC97719} = {E2AAFE06-0473-420E-AC69-0807FBDF3F56}
		{2990E08A-1E89-3490-7727-686E1F9F21A4} = {E2AAFE06-0473-420E-AC69-0807FBDF3F56}
		{782C06AC-1291-4027-64CB-95EF20FF69D7} = {E2AAFE06-0473-420E-AC69-0807FBDF3F56}
	EndGlobalSection
	GlobalSection(ExtensibilityGlobals) = postSolution
		SolutionGuid = {B575B3B4-DD69-4517-846B-21591EC739F6}
	EndGlobalSection
EndGlobal
