
Microsoft Visual Studio Solution File, Format Version 12.00
# Visual Studio Version 17
VisualStudioVersion = 17.13.35931.197
MinimumVisualStudioVersion = 10.0.40219.1
Project("{FAE04EC0-301F-11D3-BF4B-00C04F79EFBC}") = "Verx.Authentication.Service.Domain", "Verx.Authentication.Service.Domain\Verx.Authentication.Service.Domain.csproj", "{511E1D3E-A215-40B8-B727-42D92F5E7EBB}"
EndProject
Project("{FAE04EC0-301F-11D3-BF4B-00C04F79EFBC}") = "Verx.Authentication.Service.Application", "Verx.Authentication.Service.Application\Verx.Authentication.Service.Application.csproj", "{B9C7C842-9CA5-4338-AD75-1F7431C25865}"
EndProject
Project("{FAE04EC0-301F-11D3-BF4B-00C04F79EFBC}") = "Verx.Authentication.Service.Infrastructure", "Verx.Authentication.Service.Infrastructure\Verx.Authentication.Service.Infrastructure.csproj", "{8B0DA276-109C-4FA4-B10A-A8C0CDE3A4EF}"
EndProject
Project("{FAE04EC0-301F-11D3-BF4B-00C04F79EFBC}") = "Verx.Authentication.Service.Api", "Verx.Authentication.Service.Api\Verx.Authentication.Service.Api.csproj", "{C46CC123-669F-4097-C78A-BC9823B4E98E}"
EndProject
Project("{FAE04EC0-301F-11D3-BF4B-00C04F79EFBC}") = "Verx.Authentication.Service.Crosscuting", "Verx.Authentication.Service.Crosscuting\Verx.Authentication.Service.Crosscuting.csproj", "{61ED5837-B722-407D-9CF9-4B60C485922D}"
EndProject
Project("{FAE04EC0-301F-11D3-BF4B-00C04F79EFBC}") = "Verx.Authentication.Service.Common", "Verx.Authentication.Service.Common\Verx.Authentication.Service.Common.csproj", "{3D9ECDF2-EA0F-447F-97A6-1D653DB4534F}"
EndProject
Global
	GlobalSection(SolutionConfigurationPlatforms) = preSolution
		Debug|Any CPU = Debug|Any CPU
		Release|Any CPU = Release|Any CPU
	EndGlobalSection
	GlobalSection(ProjectConfigurationPlatforms) = postSolution
		{511E1D3E-A215-40B8-B727-42D92F5E7EBB}.Debug|Any CPU.ActiveCfg = Debug|Any CPU
		{511E1D3E-A215-40B8-B727-42D92F5E7EBB}.Debug|Any CPU.Build.0 = Debug|Any CPU
		{511E1D3E-A215-40B8-B727-42D92F5E7EBB}.Release|Any CPU.ActiveCfg = Release|Any CPU
		{511E1D3E-A215-40B8-B727-42D92F5E7EBB}.Release|Any CPU.Build.0 = Release|Any CPU
		{B9C7C842-9CA5-4338-AD75-1F7431C25865}.Debug|Any CPU.ActiveCfg = Debug|Any CPU
		{B9C7C842-9CA5-4338-AD75-1F7431C25865}.Debug|Any CPU.Build.0 = Debug|Any CPU
		{B9C7C842-9CA5-4338-AD75-1F7431C25865}.Release|Any CPU.ActiveCfg = Release|Any CPU
		{B9C7C842-9CA5-4338-AD75-1F7431C25865}.Release|Any CPU.Build.0 = Release|Any CPU
		{8B0DA276-109C-4FA4-B10A-A8C0CDE3A4EF}.Debug|Any CPU.ActiveCfg = Debug|Any CPU
		{8B0DA276-109C-4FA4-B10A-A8C0CDE3A4EF}.Debug|Any CPU.Build.0 = Debug|Any CPU
		{8B0DA276-109C-4FA4-B10A-A8C0CDE3A4EF}.Release|Any CPU.ActiveCfg = Release|Any CPU
		{8B0DA276-109C-4FA4-B10A-A8C0CDE3A4EF}.Release|Any CPU.Build.0 = Release|Any CPU
		{C46CC123-669F-4097-C78A-BC9823B4E98E}.Debug|Any CPU.ActiveCfg = Debug|Any CPU
		{C46CC123-669F-4097-C78A-BC9823B4E98E}.Debug|Any CPU.Build.0 = Debug|Any CPU
		{C46CC123-669F-4097-C78A-BC9823B4E98E}.Release|Any CPU.ActiveCfg = Release|Any CPU
		{C46CC123-669F-4097-C78A-BC9823B4E98E}.Release|Any CPU.Build.0 = Release|Any CPU
		{61ED5837-B722-407D-9CF9-4B60C485922D}.Debug|Any CPU.ActiveCfg = Debug|Any CPU
		{61ED5837-B722-407D-9CF9-4B60C485922D}.Debug|Any CPU.Build.0 = Debug|Any CPU
		{61ED5837-B722-407D-9CF9-4B60C485922D}.Release|Any CPU.ActiveCfg = Release|Any CPU
		{61ED5837-B722-407D-9CF9-4B60C485922D}.Release|Any CPU.Build.0 = Release|Any CPU
		{3D9ECDF2-EA0F-447F-97A6-1D653DB4534F}.Debug|Any CPU.ActiveCfg = Debug|Any CPU
		{3D9ECDF2-EA0F-447F-97A6-1D653DB4534F}.Debug|Any CPU.Build.0 = Debug|Any CPU
		{3D9ECDF2-EA0F-447F-97A6-1D653DB4534F}.Release|Any CPU.ActiveCfg = Release|Any CPU
		{3D9ECDF2-EA0F-447F-97A6-1D653DB4534F}.Release|Any CPU.Build.0 = Release|Any CPU
	EndGlobalSection
	GlobalSection(SolutionProperties) = preSolution
		HideSolutionNode = FALSE
	EndGlobalSection
	GlobalSection(ExtensibilityGlobals) = postSolution
		SolutionGuid = {DF8F8914-7972-48FA-A5BC-41B78380F859}
	EndGlobalSection
EndGlobal
